Microsoft Visual Studio Solution File, Format Version 12.00
# Visual Studio Version 17
VisualStudioVersion = 17.0.31903.59
MinimumVisualStudioVersion = 10.0.40219.1
Project("{FAE04EC0-301F-11D3-BF4B-00C04F79EFBC}") = "IPList.Core", "src\IPList.Core\IPList.Core.csproj", "{AA82E64F-8D7A-4974-850B-CC46198B72E3}"
EndProject
Project("{FAE04EC0-301F-11D3-BF4B-00C04F79EFBC}") = "IPList.Core.Tests", "tests\IPList.Core.Tests\IPList.Core.Tests.csproj", "{3554A145-4342-48DC-A646-81C01EE0C10F}"
EndProject
Global
	GlobalSection(SolutionConfigurationPlatforms) = preSolution
		Debug|Any CPU = Debug|Any CPU
		Release|Any CPU = Release|Any CPU
	EndGlobalSection
	GlobalSection(ProjectConfigurationPlatforms) = postSolution
		{AA82E64F-8D7A-4974-850B-CC46198B72E3}.Debug|Any CPU.ActiveCfg = Debug|Any CPU
		{AA82E64F-8D7A-4974-850B-CC46198B72E3}.Debug|Any CPU.Build.0 = Debug|Any CPU
		{AA82E64F-8D7A-4974-850B-CC46198B72E3}.Release|Any CPU.ActiveCfg = Release|Any CPU
		{AA82E64F-8D7A-4974-850B-CC46198B72E3}.Release|Any CPU.Build.0 = Release|Any CPU
		{3554A145-4342-48DC-A646-81C01EE0C10F}.Debug|Any CPU.ActiveCfg = Debug|Any CPU
		{3554A145-4342-48DC-A646-81C01EE0C10F}.Debug|Any CPU.Build.0 = Debug|Any CPU
		{3554A145-4342-48DC-A646-81C01EE0C10F}.Release|Any CPU.ActiveCfg = Release|Any CPU
		{3554A145-4342-48DC-A646-81C01EE0C10F}.Release|Any CPU.Build.0 = Release|Any CPU
	EndGlobalSection
EndGlobal
